
Microsoft Visual Studio Solution File, Format Version 12.00
# Visual Studio Version 16
VisualStudioVersion = 25.0.1700.4
MinimumVisualStudioVersion = 10.0.40219.1
Project("{FAE04EC0-301F-11D3-BF4B-00C04F79EFBC}") = "TaxCalculator.Android", "TaxCalculator\TaxCalculator.Android\TaxCalculator.Android.csproj", "{9105A506-C1B0-4526-B643-7B39D38BB9B0}"
EndProject
Project("{FAE04EC0-301F-11D3-BF4B-00C04F79EFBC}") = "TaxCalculator.iOS", "TaxCalculator\TaxCalculator.iOS\TaxCalculator.iOS.csproj", "{934F5F55-0148-4AC7-8A7C-0288E601CDBE}"
EndProject
Project("{FAE04EC0-301F-11D3-BF4B-00C04F79EFBC}") = "TaxCalculator", "TaxCalculator\TaxCalculator\TaxCalculator.csproj", "{EA00280E-CE03-4703-B9AC-73E6C11A28EE}"
EndProject
Global
	GlobalSection(SolutionConfigurationPlatforms) = preSolution
		Debug|Any CPU = Debug|Any CPU
		Release|Any CPU = Release|Any CPU
		Debug|iPhoneSimulator = Debug|iPhoneSimulator
		Release|iPhoneSimulator = Release|iPhoneSimulator
		Debug|iPhone = Debug|iPhone
		Release|iPhone = Release|iPhone
	EndGlobalSection
	GlobalSection(ProjectConfigurationPlatforms) = postSolution
		{9105A506-C1B0-4526-B643-7B39D38BB9B0}.Debug|Any CPU.ActiveCfg = Debug|Any CPU
		{9105A506-C1B0-4526-B643-7B39D38BB9B0}.Debug|Any CPU.Build.0 = Debug|Any CPU
		{9105A506-C1B0-4526-B643-7B39D38BB9B0}.Release|Any CPU.ActiveCfg = Release|Any CPU
		{9105A506-C1B0-4526-B643-7B39D38BB9B0}.Release|Any CPU.Build.0 = Release|Any CPU
		{9105A506-C1B0-4526-B643-7B39D38BB9B0}.Debug|iPhoneSimulator.ActiveCfg = Debug|Any CPU
		{9105A506-C1B0-4526-B643-7B39D38BB9B0}.Debug|iPhoneSimulator.Build.0 = Debug|Any CPU
		{9105A506-C1B0-4526-B643-7B39D38BB9B0}.Release|iPhoneSimulator.ActiveCfg = Release|Any CPU
		{9105A506-C1B0-4526-B643-7B39D38BB9B0}.Release|iPhoneSimulator.Build.0 = Release|Any CPU
		{9105A506-C1B0-4526-B643-7B39D38BB9B0}.Debug|iPhone.ActiveCfg = Debug|Any CPU
		{9105A506-C1B0-4526-B643-7B39D38BB9B0}.Debug|iPhone.Build.0 = Debug|Any CPU
		{9105A506-C1B0-4526-B643-7B39D38BB9B0}.Release|iPhone.ActiveCfg = Release|Any CPU
		{9105A506-C1B0-4526-B643-7B39D38BB9B0}.Release|iPhone.Build.0 = Release|Any CPU
		{934F5F55-0148-4AC7-8A7C-0288E601CDBE}.Debug|Any CPU.ActiveCfg = Debug|iPhoneSimulator
		{934F5F55-0148-4AC7-8A7C-0288E601CDBE}.Debug|Any CPU.Build.0 = Debug|iPhoneSimulator
		{934F5F55-0148-4AC7-8A7C-0288E601CDBE}.Release|Any CPU.ActiveCfg = Release|iPhoneSimulator
		{934F5F55-0148-4AC7-8A7C-0288E601CDBE}.Release|Any CPU.Build.0 = Release|iPhoneSimulator
		{934F5F55-0148-4AC7-8A7C-0288E601CDBE}.Debug|iPhoneSimulator.ActiveCfg = Debug|iPhoneSimulator
		{934F5F55-0148-4AC7-8A7C-0288E601CDBE}.Debug|iPhoneSimulator.Build.0 = Debug|iPhoneSimulator
		{934F5F55-0148-4AC7-8A7C-0288E601CDBE}.Release|iPhoneSimulator.ActiveCfg = Release|iPhoneSimulator
		{934F5F55-0148-4AC7-8A7C-0288E601CDBE}.Release|iPhoneSimulator.Build.0 = Release|iPhoneSimulator
		{934F5F55-0148-4AC7-8A7C-0288E601CDBE}.Debug|iPhone.ActiveCfg = Debug|iPhone
		{934F5F55-0148-4AC7-8A7C-0288E601CDBE}.Debug|iPhone.Build.0 = Debug|iPhone
		{934F5F55-0148-4AC7-8A7C-0288E601CDBE}.Release|iPhone.ActiveCfg = Release|iPhone
		{934F5F55-0148-4AC7-8A7C-0288E601CDBE}.Release|iPhone.Build.0 = Release|iPhone
		{EA00280E-CE03-4703-B9AC-73E6C11A28EE}.Debug|Any CPU.ActiveCfg = Debug|Any CPU
		{EA00280E-CE03-4703-B9AC-73E6C11A28EE}.Debug|Any CPU.Build.0 = Debug|Any CPU
		{EA00280E-CE03-4703-B9AC-73E6C11A28EE}.Release|Any CPU.ActiveCfg = Release|Any CPU
		{EA00280E-CE03-4703-B9AC-73E6C11A28EE}.Release|Any CPU.Build.0 = Release|Any CPU
		{EA00280E-CE03-4703-B9AC-73E6C11A28EE}.Debug|iPhoneSimulator.ActiveCfg = Debug|Any CPU
		{EA00280E-CE03-4703-B9AC-73E6C11A28EE}.Debug|iPhoneSimulator.Build.0 = Debug|Any CPU
		{EA00280E-CE03-4703-B9AC-73E6C11A28EE}.Release|iPhoneSimulator.ActiveCfg = Release|Any CPU
		{EA00280E-CE03-4703-B9AC-73E6C11A28EE}.Release|iPhoneSimulator.Build.0 = Release|Any CPU
		{EA00280E-CE03-4703-B9AC-73E6C11A28EE}.Debug|iPhone.ActiveCfg = Debug|Any CPU
		{EA00280E-CE03-4703-B9AC-73E6C11A28EE}.Debug|iPhone.Build.0 = Debug|Any CPU
		{EA00280E-CE03-4703-B9AC-73E6C11A28EE}.Release|iPhone.ActiveCfg = Release|Any CPU
		{EA00280E-CE03-4703-B9AC-73E6C11A28EE}.Release|iPhone.Build.0 = Release|Any CPU
	EndGlobalSection
	GlobalSection(SolutionProperties) = preSolution
		HideSolutionNode = FALSE
	EndGlobalSection
	GlobalSection(ExtensibilityGlobals) = postSolution
		SolutionGuid = {5A59D677-044A-443D-8657-FADFAED0111B}
	EndGlobalSection
EndGlobal
